{
  "version": 4,
  "terraform_version": "1.13.2",
  "serial": 273,
  "lineage": "88bd7e40-a577-3579-7f44-a2d23c18b403",
  "outputs": {},
  "resources": [
    {
      "mode": "managed",
      "type": "google_compute_network",
      "name": "vpc_network",
      "provider": "provider[\"registry.terraform.io/hashicorp/google\"]",
      "instances": [
        {
          "schema_version": 0,
          "attributes": {
            "auto_create_subnetworks": false,
            "delete_default_routes_on_create": false,
            "description": "",
            "enable_ula_internal_ipv6": false,
            "gateway_ipv4": "",
            "id": "projects/agentic-travel-ai-solutions/global/networks/tourwithease-vpc",
            "internal_ipv6_range": "",
            "mtu": 0,
            "name": "tourwithease-vpc",
            "network_firewall_policy_enforcement_order": "AFTER_CLASSIC_FIREWALL",
            "numeric_id": "886123937445317850",
            "project": "agentic-travel-ai-solutions",
            "routing_mode": "REGIONAL",
            "self_link": "https://www.googleapis.com/compute/v1/projects/agentic-travel-ai-solutions/global/networks/tourwithease-vpc",
            "timeouts": null
          },
          "sensitive_attributes": [],
          "identity_schema_version": 0,
          "private": "eyJlMmJmYjczMC1lY2FhLTExZTYtOGY4OC0zNDM2M2JjN2M0YzAiOnsiY3JlYXRlIjoxMjAwMDAwMDAwMDAwLCJkZWxldGUiOjEyMDAwMDAwMDAwMDAsInVwZGF0ZSI6MTIwMDAwMDAwMDAwMH19"
        }
      ]
    },
    {
      "mode": "managed",
      "type": "google_compute_subnetwork",
      "name": "vpc_subnetwork",
      "provider": "provider[\"registry.terraform.io/hashicorp/google\"]",
      "instances": [
        {
          "schema_version": 0,
          "attributes": {
            "creation_timestamp": "2025-09-18T00:44:59.779-07:00",
            "description": "",
            "external_ipv6_prefix": "",
            "fingerprint": null,
            "gateway_address": "10.10.0.1",
            "id": "projects/agentic-travel-ai-solutions/regions/us-central1/subnetworks/gke-subnet",
            "internal_ipv6_prefix": "",
            "ip_cidr_range": "10.10.0.0/24",
            "ipv6_access_type": "",
            "ipv6_cidr_range": "",
            "log_config": [],
            "name": "gke-subnet",
            "network": "https://www.googleapis.com/compute/v1/projects/agentic-travel-ai-solutions/global/networks/tourwithease-vpc",
            "private_ip_google_access": true,
            "private_ipv6_google_access": "DISABLE_GOOGLE_ACCESS",
            "project": "agentic-travel-ai-solutions",
            "purpose": "PRIVATE",
            "region": "us-central1",
            "role": "",
            "secondary_ip_range": [
              {
                "ip_cidr_range": "10.8.0.0/20",
                "range_name": "gke-services-range"
              },
              {
                "ip_cidr_range": "10.168.0.0/14",
                "range_name": "gke-agentic-ai-cluster-pods-c5bbafce"
              }
            ],
            "self_link": "https://www.googleapis.com/compute/v1/projects/agentic-travel-ai-solutions/regions/us-central1/subnetworks/gke-subnet",
            "send_secondary_ip_range_if_empty": null,
            "stack_type": "IPV4_ONLY",
            "timeouts": null
          },
          "sensitive_attributes": [],
          "identity_schema_version": 0,
          "private": "eyJlMmJmYjczMC1lY2FhLTExZTYtOGY4OC0zNDM2M2JjN2M0YzAiOnsiY3JlYXRlIjoxMjAwMDAwMDAwMDAwLCJkZWxldGUiOjEyMDAwMDAwMDAwMDAsInVwZGF0ZSI6MTIwMDAwMDAwMDAwMH19",
          "dependencies": [
            "google_compute_network.vpc_network"
          ]
        }
      ]
    },
    {
      "mode": "managed",
      "type": "google_container_cluster",
      "name": "primary",
      "provider": "provider[\"registry.terraform.io/hashicorp/google\"]",
      "instances": [
        {
          "schema_version": 2,
          "attributes": {
            "addons_config": [
              {
                "cloudrun_config": [],
                "config_connector_config": [],
                "dns_cache_config": [],
                "gce_persistent_disk_csi_driver_config": [
                  {
                    "enabled": true
                  }
                ],
                "gcp_filestore_csi_driver_config": [],
                "gcs_fuse_csi_driver_config": [],
                "gke_backup_agent_config": [],
                "horizontal_pod_autoscaling": [
                  {
                    "disabled": false
                  }
                ],
                "http_load_balancing": [
                  {
                    "disabled": false
                  }
                ],
                "network_policy_config": [
                  {
                    "disabled": true
                  }
                ],
                "ray_operator_config": [],
                "stateful_ha_config": []
              }
            ],
            "allow_net_admin": null,
            "authenticator_groups_config": [],
            "binary_authorization": [
              {
                "enabled": false,
                "evaluation_mode": ""
              }
            ],
            "cluster_autoscaling": [
              {
                "auto_provisioning_defaults": [],
                "auto_provisioning_locations": [],
                "autoscaling_profile": "BALANCED",
                "enabled": false,
                "resource_limits": []
              }
            ],
            "cluster_ipv4_cidr": "10.60.0.0/14",
            "confidential_nodes": [],
            "cost_management_config": [],
            "database_encryption": [
              {
                "key_name": "",
                "state": "DECRYPTED"
              }
            ],
            "datapath_provider": "",
            "default_max_pods_per_node": 110,
            "default_snat_status": [
              {
                "disabled": false
              }
            ],
            "deletion_protection": false,
            "description": "",
            "dns_config": [],
            "enable_autopilot": false,
            "enable_cilium_clusterwide_network_policy": false,
            "enable_intranode_visibility": false,
            "enable_k8s_beta_apis": [],
            "enable_kubernetes_alpha": false,
            "enable_l4_ilb_subsetting": false,
            "enable_legacy_abac": false,
            "enable_multi_networking": false,
            "enable_shielded_nodes": true,
            "enable_tpu": false,
            "endpoint": "34.123.156.87",
            "fleet": [],
            "gateway_api_config": [],
            "id": "projects/agentic-travel-ai-solutions/locations/us-central1-a/clusters/agentic-ai-cluster",
            "identity_service_config": [],
            "initial_node_count": 1,
            "ip_allocation_policy": [
              {
                "additional_pod_ranges_config": [],
                "cluster_ipv4_cidr_block": "10.60.0.0/14",
                "cluster_secondary_range_name": "gke-agentic-ai-cluster-pods-193b8b94",
                "pod_cidr_overprovision_config": [
                  {
                    "disabled": false
                  }
                ],
                "services_ipv4_cidr_block": "34.118.224.0/20",
                "services_secondary_range_name": "",
                "stack_type": "IPV4"
              }
            ],
            "label_fingerprint": "a9dc16a7",
            "location": "us-central1-a",
            "logging_config": [
              {
                "enable_components": [
                  "SYSTEM_COMPONENTS",
                  "WORKLOADS"
                ]
              }
            ],
            "logging_service": "logging.googleapis.com/kubernetes",
            "maintenance_policy": [],
            "master_auth": [
              {
                "client_certificate": "",
                "client_certificate_config": [
                  {
                    "issue_client_certificate": false
                  }
                ],
                "client_key": "",
                "cluster_ca_certificate": "LS0tLS1CRUdJTiBDRVJUSUZJQ0FURS0tLS0tCk1JSUVMRENDQXBTZ0F3SUJBZ0lRVnc3dmtVQmVRQ1JRYTQ2S00xQ2R1REFOQmdrcWhraUc5dzBCQVFzRkFEQXYKTVMwd0t3WURWUVFERXlRNFpUVXpOR0UxTnkwNVptUXpMVFExWW1VdFltUXhOaTFoTURjME4yTmpZbU15WVdRdwpJQmNOTWpVd09URTRNRGd3TkRJd1doZ1BNakExTlRBNU1URXdPVEEwTWpCYU1DOHhMVEFyQmdOVkJBTVRKRGhsCk5UTTBZVFUzTFRsbVpETXRORFZpWlMxaVpERTJMV0V3TnpRM1kyTmlZekpoWkRDQ0FhSXdEUVlKS29aSWh2Y04KQVFFQkJRQURnZ0dQQURDQ0FZb0NnZ0dCQUx2ekJFTzEzZThYV2YyK2R6K21lTFd6ZkxaY0FIeTl4cXY0cVN5VApjVUVvek4zNml2WHY0d24wb3ZtSXlsWVVjZWVldU1EaXNYVWtNUGhieHUxbnByK01GV3RzcS82OXB4cG1NN0NnCnBRSzNWM0lVTUpJN292Q2ZWeGFpTHlvcHBtQ1VZeFp2NHRKVDRzK05BS3VzaHk4b24rM0drR2cvRkVuaklja00KZEJUY082ZVlJRTlXQmxUSFRaeG0rZkxkRkVaZ1hZOU92bTZ3NXNtQW5weVBkODhzb3dEWGxFS0JrRVF0R2dqYQpVSWUyNElCZ25YUUVlNXBjZk5BY2trZVNpMjlFZEZPbVFwdEMybEFUSU0zRkcvN3J4Q2hDZ3pQeUJyRGNUcklPCkhWMDlhUDJsSk1DdVl2THVpWXJ6bEJ1Q2dFWDFocSt6Mzg1emtrMi9GejlJRTFkQzFSNVZ1NEpic0tFSW9JRHEKSEZiZXorVzhMTUlra0l4bDMvMWk2MytOdHJkS0lOTGdyQVNNR0U0Szd6M2loQVZLNEYvQlFoNzFTRVBVZi9xcQpQRjJ1OUdEVVYvUm43aHd4OW9VQVpFVnBCdDJRNzY0dkxHMWhQRlI5dUdBL1kyTkttWEdqelozTy96NFlpMnFFCm01NnNwQ1Era2U5eXpoZ0lyb1IxTG9zS0pRSURBUUFCbzBJd1FEQU9CZ05WSFE4QkFmOEVCQU1DQWdRd0R3WUQKVlIwVEFRSC9CQVV3QXdFQi96QWRCZ05WSFE0RUZnUVUxcnRYWGVEVVA5WHZKdG1NNjlxcmRQQmRSazB3RFFZSgpLb1pJaHZjTkFRRUxCUUFEZ2dHQkFIRCtCY2MxdjBuYWRuOUczSEszbnRjTlgwYnIxanRkYWt4ZWFFZFo5R1c4ClNIWW0wb3hBRkxIbUhRUXNPUk14ZFB0ckcvVDFlbE9jQSthNnpZbU9WWEpmYXJEN29CZGNLRkxwTVpJTVIzbEUKRjMrdUpvNmt4cnl0OTZMOHNmNjJuUTdYMDg3SEltQk5obElGMzE5dk4vMXZxTlNXajFmdURqcFFjMy8xUzNsTgpBMTNVVk9QdTZ4c3V5cVNJRkFPaGNDRUhRcXplUG9ISEtrU3V5NlJMSEpJVUxsVUlOUzNQK1RsR0tITk5JQTZJCmlxMEU5Rk1CMDJLelltVm1sQThGdStzenp6amxXWDJjZnpYS1NrRDI1VWMwNXlSKytmaTV6WjJ1QmFwNVRxZ1cKRmFHYjNIdFZIMmVHTUZpejJRTzhNOWNORlpkYlFDWms3MGZvL1JHYm5xQ1VpbUtIODVzUmc4R0hUdDV5NFdUeQpSNkZ5K2s2emx2UXB3VFNGR1dwZVVxK3dMUU9HV29CU3hZU3JqSnBzOG1CWmgyQ1QyNHh5VWtXMVRvdTlkbVJwClVWVVNXK1hMaHIzMmZoZFJlb1AxbjFDR3dGUERqejZhcEpYV09DSkhmRjc3N3BXbW9wOHJFZVRnby9OaUJFQU8KUnVwdlVVYzVhWWFoRWpVOHQ1UjJwUT09Ci0tLS0tRU5EIENFUlRJRklDQVRFLS0tLS0K"
              }
            ],
            "master_authorized_networks_config": [
              {
                "cidr_blocks": [
                  {
                    "cidr_block": "0.0.0.0/0",
                    "display_name": "All networks"
                  }
                ],
                "gcp_public_cidrs_access_enabled": false
              }
            ],
            "master_version": "1.33.4-gke.1036000",
            "mesh_certificates": [],
            "min_master_version": null,
            "monitoring_config": [
              {
                "advanced_datapath_observability_config": [
                  {
                    "enable_metrics": false,
                    "enable_relay": false,
                    "relay_mode": "DISABLED"
                  }
                ],
                "enable_components": [
                  "SYSTEM_COMPONENTS",
                  "STORAGE",
                  "HPA",
                  "POD",
                  "DAEMONSET",
                  "DEPLOYMENT",
                  "STATEFULSET",
                  "JOBSET",
                  "CADVISOR",
                  "KUBELET",
                  "DCGM"
                ],
                "managed_prometheus": [
                  {
                    "enabled": true
                  }
                ]
              }
            ],
            "monitoring_service": "monitoring.googleapis.com/kubernetes",
            "name": "agentic-ai-cluster",
            "network": "projects/agentic-travel-ai-solutions/global/networks/tourwithease-vpc",
            "network_policy": [
              {
                "enabled": false,
                "provider": "PROVIDER_UNSPECIFIED"
              }
            ],
            "networking_mode": "VPC_NATIVE",
            "node_config": [],
            "node_locations": [],
            "node_pool": [],
            "node_pool_auto_config": [
              {
                "network_tags": [],
                "node_kubelet_config": [
                  {
                    "insecure_kubelet_readonly_port_enabled": "FALSE"
                  }
                ],
                "resource_manager_tags": {}
              }
            ],
            "node_pool_defaults": [
              {
                "node_config_defaults": [
                  {
                    "containerd_config": [],
                    "insecure_kubelet_readonly_port_enabled": "FALSE",
                    "logging_variant": "DEFAULT"
                  }
                ]
              }
            ],
            "node_version": "1.33.4-gke.1036000",
            "notification_config": [
              {
                "pubsub": [
                  {
                    "enabled": false,
                    "filter": [],
                    "topic": ""
                  }
                ]
              }
            ],
            "operation": null,
            "private_cluster_config": [
              {
                "enable_private_endpoint": false,
                "enable_private_nodes": true,
                "master_global_access_config": [
                  {
                    "enabled": false
                  }
                ],
                "master_ipv4_cidr_block": "172.16.0.0/28",
                "peering_name": "",
                "private_endpoint": "172.16.0.2",
                "private_endpoint_subnetwork": "",
                "public_endpoint": "34.123.156.87"
              }
            ],
            "private_ipv6_google_access": "",
            "project": "agentic-travel-ai-solutions",
            "release_channel": [
              {
                "channel": "REGULAR"
              }
            ],
            "remove_default_node_pool": true,
            "resource_labels": null,
            "resource_usage_export_config": [],
            "security_posture_config": [
              {
                "mode": "BASIC",
                "vulnerability_mode": "VULNERABILITY_MODE_UNSPECIFIED"
              }
            ],
            "self_link": "https://container.googleapis.com/v1/projects/agentic-travel-ai-solutions/zones/us-central1-a/clusters/agentic-ai-cluster",
            "service_external_ips_config": [
              {
                "enabled": false
              }
            ],
            "services_ipv4_cidr": "34.118.224.0/20",
            "subnetwork": "projects/agentic-travel-ai-solutions/regions/us-central1/subnetworks/gke-subnet",
            "timeouts": null,
            "tpu_ipv4_cidr_block": "",
            "vertical_pod_autoscaling": [],
            "workload_identity_config": [
              {
                "workload_pool": "agentic-travel-ai-solutions.svc.id.goog"
              }
            ]
          },
          "sensitive_attributes": [
            [
              {
                "type": "get_attr",
                "value": "master_auth"
              },
              {
                "type": "index",
                "value": {
                  "value": 0,
                  "type": "number"
                }
              },
              {
                "type": "get_attr",
                "value": "client_key"
              }
            ]
          ],
          "identity_schema_version": 0,
          "private": "eyJlMmJmYjczMC1lY2FhLTExZTYtOGY4OC0zNDM2M2JjN2M0YzAiOnsiY3JlYXRlIjoyNDAwMDAwMDAwMDAwLCJkZWxldGUiOjI0MDAwMDAwMDAwMDAsInJlYWQiOjI0MDAwMDAwMDAwMDAsInVwZGF0ZSI6MzYwMDAwMDAwMDAwMH0sInNjaGVtYV92ZXJzaW9uIjoiMiJ9",
          "dependencies": [
            "google_compute_network.vpc_network",
            "google_compute_subnetwork.vpc_subnetwork"
          ]
        }
      ]
    },
    {
      "mode": "managed",
      "type": "google_container_node_pool",
      "name": "primary_nodes",
      "provider": "provider[\"registry.terraform.io/hashicorp/google\"]",
      "instances": [
        {
          "schema_version": 1,
          "attributes": {
            "autoscaling": [
              {
                "location_policy": "BALANCED",
                "max_node_count": 6,
                "min_node_count": 1,
                "total_max_node_count": 0,
                "total_min_node_count": 0
              }
            ],
            "cluster": "agentic-ai-cluster",
            "id": "projects/agentic-travel-ai-solutions/locations/us-central1-a/clusters/agentic-ai-cluster/nodePools/primary-node-pool",
            "initial_node_count": 3,
            "instance_group_urls": [
              "https://www.googleapis.com/compute/v1/projects/agentic-travel-ai-solutions/zones/us-central1-a/instanceGroupManagers/gke-agentic-ai-clust-primary-node-poo-a753d4a1-grp"
            ],
            "location": "us-central1-a",
            "managed_instance_group_urls": [
              "https://www.googleapis.com/compute/v1/projects/agentic-travel-ai-solutions/zones/us-central1-a/instanceGroups/gke-agentic-ai-clust-primary-node-poo-a753d4a1-grp"
            ],
            "management": [
              {
                "auto_repair": true,
                "auto_upgrade": true
              }
            ],
            "max_pods_per_node": 110,
            "name": "primary-node-pool",
            "name_prefix": "",
            "network_config": [
              {
                "additional_node_network_configs": [],
                "additional_pod_network_configs": [],
                "create_pod_range": false,
                "enable_private_nodes": true,
                "network_performance_config": [],
                "pod_cidr_overprovision_config": [],
                "pod_ipv4_cidr_block": "10.60.0.0/14",
                "pod_range": "gke-agentic-ai-cluster-pods-193b8b94"
              }
            ],
            "node_config": [
              {
                "advanced_machine_features": [],
                "boot_disk_kms_key": "",
                "confidential_nodes": [],
                "containerd_config": [],
                "disk_size_gb": 50,
                "disk_type": "pd-ssd",
                "effective_taints": [],
                "enable_confidential_storage": false,
                "ephemeral_storage_local_ssd_config": [],
                "fast_socket": [],
                "gcfs_config": [],
                "guest_accelerator": [],
                "gvnic": [],
                "host_maintenance_policy": [],
                "image_type": "COS_CONTAINERD",
                "kubelet_config": [
                  {
                    "cpu_cfs_quota": false,
                    "cpu_cfs_quota_period": "",
                    "cpu_manager_policy": "",
                    "insecure_kubelet_readonly_port_enabled": "FALSE",
                    "pod_pids_limit": 0
                  }
                ],
                "labels": {
                  "workload": "adk-agents"
                },
                "linux_node_config": [],
                "local_nvme_ssd_block_config": [],
                "local_ssd_count": 0,
                "logging_variant": "DEFAULT",
                "machine_type": "e2-standard-4",
                "metadata": {
                  "disable-legacy-endpoints": "true"
                },
                "min_cpu_platform": "",
                "node_group": "",
                "oauth_scopes": [
                  "https://www.googleapis.com/auth/cloud-platform"
                ],
                "preemptible": false,
                "reservation_affinity": [],
                "resource_labels": {
                  "goog-gke-node-pool-provisioning-model": "on-demand"
                },
                "resource_manager_tags": null,
                "secondary_boot_disks": [],
                "service_account": "default",
                "shielded_instance_config": [
                  {
                    "enable_integrity_monitoring": true,
                    "enable_secure_boot": false
                  }
                ],
                "sole_tenant_config": [],
                "spot": false,
                "tags": null,
                "taint": [],
                "workload_metadata_config": [
                  {
                    "mode": "GKE_METADATA"
                  }
                ]
              }
            ],
            "node_count": 3,
            "node_locations": [
              "us-central1-a"
            ],
            "operation": null,
            "placement_policy": [],
            "project": "agentic-travel-ai-solutions",
            "queued_provisioning": [],
            "timeouts": null,
            "upgrade_settings": [
              {
                "blue_green_settings": [],
                "max_surge": 1,
                "max_unavailable": 0,
                "strategy": "SURGE"
              }
            ],
            "version": "1.33.4-gke.1036000"
          },
          "sensitive_attributes": [],
          "identity_schema_version": 0,
          "private": "eyJlMmJmYjczMC1lY2FhLTExZTYtOGY4OC0zNDM2M2JjN2M0YzAiOnsiY3JlYXRlIjoxODAwMDAwMDAwMDAwLCJkZWxldGUiOjE4MDAwMDAwMDAwMDAsInVwZGF0ZSI6MTgwMDAwMDAwMDAwMH0sInNjaGVtYV92ZXJzaW9uIjoiMSJ9",
          "dependencies": [
            "google_compute_network.vpc_network",
            "google_compute_subnetwork.vpc_subnetwork",
            "google_container_cluster.primary"
          ]
        }
      ]
    },
    {
      "mode": "managed",
      "type": "google_project_iam_member",
      "name": "gke_sa_permissions",
      "provider": "provider[\"registry.terraform.io/hashicorp/google\"]",
      "instances": [
        {
          "index_key": "roles/aiplatform.user",
          "schema_version": 0,
          "attributes": {
            "condition": [],
            "etag": "BwY/DzNrBUw=",
            "id": "agentic-travel-ai-solutions/roles/aiplatform.user/serviceAccount:gke-workload-identity@agentic-travel-ai-solutions.iam.gserviceaccount.com",
            "member": "serviceAccount:gke-workload-identity@agentic-travel-ai-solutions.iam.gserviceaccount.com",
            "project": "agentic-travel-ai-solutions",
            "role": "roles/aiplatform.user"
          },
          "sensitive_attributes": [],
          "identity_schema_version": 0,
          "private": "bnVsbA==",
          "dependencies": [
            "google_service_account.gke_workload_sa"
          ]
        },
        {
          "index_key": "roles/logging.logWriter",
          "schema_version": 0,
          "attributes": {
            "condition": [],
            "etag": "BwY/DzNrBUw=",
            "id": "agentic-travel-ai-solutions/roles/logging.logWriter/serviceAccount:gke-workload-identity@agentic-travel-ai-solutions.iam.gserviceaccount.com",
            "member": "serviceAccount:gke-workload-identity@agentic-travel-ai-solutions.iam.gserviceaccount.com",
            "project": "agentic-travel-ai-solutions",
            "role": "roles/logging.logWriter"
          },
          "sensitive_attributes": [],
          "identity_schema_version": 0,
          "private": "bnVsbA==",
          "dependencies": [
            "google_service_account.gke_workload_sa"
          ]
        },
        {
          "index_key": "roles/monitoring.metricWriter",
          "schema_version": 0,
          "attributes": {
            "condition": [],
            "etag": "BwY/DzNrBUw=",
            "id": "agentic-travel-ai-solutions/roles/monitoring.metricWriter/serviceAccount:gke-workload-identity@agentic-travel-ai-solutions.iam.gserviceaccount.com",
            "member": "serviceAccount:gke-workload-identity@agentic-travel-ai-solutions.iam.gserviceaccount.com",
            "project": "agentic-travel-ai-solutions",
            "role": "roles/monitoring.metricWriter"
          },
          "sensitive_attributes": [],
          "identity_schema_version": 0,
          "private": "bnVsbA==",
          "dependencies": [
            "google_service_account.gke_workload_sa"
          ]
        },
        {
          "index_key": "roles/secretmanager.secretAccessor",
          "schema_version": 0,
          "attributes": {
            "condition": [],
            "etag": "BwY/DzNrBUw=",
            "id": "agentic-travel-ai-solutions/roles/secretmanager.secretAccessor/serviceAccount:gke-workload-identity@agentic-travel-ai-solutions.iam.gserviceaccount.com",
            "member": "serviceAccount:gke-workload-identity@agentic-travel-ai-solutions.iam.gserviceaccount.com",
            "project": "agentic-travel-ai-solutions",
            "role": "roles/secretmanager.secretAccessor"
          },
          "sensitive_attributes": [],
          "identity_schema_version": 0,
          "private": "bnVsbA==",
          "dependencies": [
            "google_service_account.gke_workload_sa"
          ]
        },
        {
          "index_key": "roles/storage.objectViewer",
          "schema_version": 0,
          "attributes": {
            "condition": [],
            "etag": "BwY/DzNrBUw=",
            "id": "agentic-travel-ai-solutions/roles/storage.objectViewer/serviceAccount:gke-workload-identity@agentic-travel-ai-solutions.iam.gserviceaccount.com",
            "member": "serviceAccount:gke-workload-identity@agentic-travel-ai-solutions.iam.gserviceaccount.com",
            "project": "agentic-travel-ai-solutions",
            "role": "roles/storage.objectViewer"
          },
          "sensitive_attributes": [],
          "identity_schema_version": 0,
          "private": "bnVsbA==",
          "dependencies": [
            "google_service_account.gke_workload_sa"
          ]
        }
      ]
    },
    {
      "mode": "managed",
      "type": "google_project_service",
      "name": "required_apis",
      "provider": "provider[\"registry.terraform.io/hashicorp/google\"]",
      "instances": [
        {
          "index_key": "aiplatform.googleapis.com",
          "schema_version": 0,
          "attributes": {
            "disable_dependent_services": null,
            "disable_on_destroy": false,
            "id": "agentic-travel-ai-solutions/aiplatform.googleapis.com",
            "project": "agentic-travel-ai-solutions",
            "service": "aiplatform.googleapis.com",
            "timeouts": null
          },
          "sensitive_attributes": [],
          "identity_schema_version": 0,
          "private": "eyJlMmJmYjczMC1lY2FhLTExZTYtOGY4OC0zNDM2M2JjN2M0YzAiOnsiY3JlYXRlIjoxMjAwMDAwMDAwMDAwLCJkZWxldGUiOjEyMDAwMDAwMDAwMDAsInJlYWQiOjYwMDAwMDAwMDAwMCwidXBkYXRlIjoxMjAwMDAwMDAwMDAwfX0="
        },
        {
          "index_key": "artifactregistry.googleapis.com",
          "schema_version": 0,
          "attributes": {
            "disable_dependent_services": null,
            "disable_on_destroy": false,
            "id": "agentic-travel-ai-solutions/artifactregistry.googleapis.com",
            "project": "agentic-travel-ai-solutions",
            "service": "artifactregistry.googleapis.com",
            "timeouts": null
          },
          "sensitive_attributes": [],
          "identity_schema_version": 0,
          "private": "eyJlMmJmYjczMC1lY2FhLTExZTYtOGY4OC0zNDM2M2JjN2M0YzAiOnsiY3JlYXRlIjoxMjAwMDAwMDAwMDAwLCJkZWxldGUiOjEyMDAwMDAwMDAwMDAsInJlYWQiOjYwMDAwMDAwMDAwMCwidXBkYXRlIjoxMjAwMDAwMDAwMDAwfX0="
        },
        {
          "index_key": "cloudbuild.googleapis.com",
          "schema_version": 0,
          "attributes": {
            "disable_dependent_services": null,
            "disable_on_destroy": false,
            "id": "agentic-travel-ai-solutions/cloudbuild.googleapis.com",
            "project": "agentic-travel-ai-solutions",
            "service": "cloudbuild.googleapis.com",
            "timeouts": null
          },
          "sensitive_attributes": [],
          "identity_schema_version": 0,
          "private": "eyJlMmJmYjczMC1lY2FhLTExZTYtOGY4OC0zNDM2M2JjN2M0YzAiOnsiY3JlYXRlIjoxMjAwMDAwMDAwMDAwLCJkZWxldGUiOjEyMDAwMDAwMDAwMDAsInJlYWQiOjYwMDAwMDAwMDAwMCwidXBkYXRlIjoxMjAwMDAwMDAwMDAwfX0="
        },
        {
          "index_key": "cloudresourcemanager.googleapis.com",
          "schema_version": 0,
          "attributes": {
            "disable_dependent_services": null,
            "disable_on_destroy": false,
            "id": "agentic-travel-ai-solutions/cloudresourcemanager.googleapis.com",
            "project": "agentic-travel-ai-solutions",
            "service": "cloudresourcemanager.googleapis.com",
            "timeouts": null
          },
          "sensitive_attributes": [],
          "identity_schema_version": 0,
          "private": "eyJlMmJmYjczMC1lY2FhLTExZTYtOGY4OC0zNDM2M2JjN2M0YzAiOnsiY3JlYXRlIjoxMjAwMDAwMDAwMDAwLCJkZWxldGUiOjEyMDAwMDAwMDAwMDAsInJlYWQiOjYwMDAwMDAwMDAwMCwidXBkYXRlIjoxMjAwMDAwMDAwMDAwfX0="
        },
        {
          "index_key": "container.googleapis.com",
          "schema_version": 0,
          "attributes": {
            "disable_dependent_services": null,
            "disable_on_destroy": false,
            "id": "agentic-travel-ai-solutions/container.googleapis.com",
            "project": "agentic-travel-ai-solutions",
            "service": "container.googleapis.com",
            "timeouts": null
          },
          "sensitive_attributes": [],
          "identity_schema_version": 0,
          "private": "eyJlMmJmYjczMC1lY2FhLTExZTYtOGY4OC0zNDM2M2JjN2M0YzAiOnsiY3JlYXRlIjoxMjAwMDAwMDAwMDAwLCJkZWxldGUiOjEyMDAwMDAwMDAwMDAsInJlYWQiOjYwMDAwMDAwMDAwMCwidXBkYXRlIjoxMjAwMDAwMDAwMDAwfX0="
        },
        {
          "index_key": "logging.googleapis.com",
          "schema_version": 0,
          "attributes": {
            "disable_dependent_services": null,
            "disable_on_destroy": false,
            "id": "agentic-travel-ai-solutions/logging.googleapis.com",
            "project": "agentic-travel-ai-solutions",
            "service": "logging.googleapis.com",
            "timeouts": null
          },
          "sensitive_attributes": [],
          "identity_schema_version": 0,
          "private": "eyJlMmJmYjczMC1lY2FhLTExZTYtOGY4OC0zNDM2M2JjN2M0YzAiOnsiY3JlYXRlIjoxMjAwMDAwMDAwMDAwLCJkZWxldGUiOjEyMDAwMDAwMDAwMDAsInJlYWQiOjYwMDAwMDAwMDAwMCwidXBkYXRlIjoxMjAwMDAwMDAwMDAwfX0="
        },
        {
          "index_key": "monitoring.googleapis.com",
          "schema_version": 0,
          "attributes": {
            "disable_dependent_services": null,
            "disable_on_destroy": false,
            "id": "agentic-travel-ai-solutions/monitoring.googleapis.com",
            "project": "agentic-travel-ai-solutions",
            "service": "monitoring.googleapis.com",
            "timeouts": null
          },
          "sensitive_attributes": [],
          "identity_schema_version": 0,
          "private": "eyJlMmJmYjczMC1lY2FhLTExZTYtOGY4OC0zNDM2M2JjN2M0YzAiOnsiY3JlYXRlIjoxMjAwMDAwMDAwMDAwLCJkZWxldGUiOjEyMDAwMDAwMDAwMDAsInJlYWQiOjYwMDAwMDAwMDAwMCwidXBkYXRlIjoxMjAwMDAwMDAwMDAwfX0="
        },
        {
          "index_key": "secretmanager.googleapis.com",
          "schema_version": 0,
          "attributes": {
            "disable_dependent_services": null,
            "disable_on_destroy": false,
            "id": "agentic-travel-ai-solutions/secretmanager.googleapis.com",
            "project": "agentic-travel-ai-solutions",
            "service": "secretmanager.googleapis.com",
            "timeouts": null
          },
          "sensitive_attributes": [],
          "identity_schema_version": 0,
          "private": "eyJlMmJmYjczMC1lY2FhLTExZTYtOGY4OC0zNDM2M2JjN2M0YzAiOnsiY3JlYXRlIjoxMjAwMDAwMDAwMDAwLCJkZWxldGUiOjEyMDAwMDAwMDAwMDAsInJlYWQiOjYwMDAwMDAwMDAwMCwidXBkYXRlIjoxMjAwMDAwMDAwMDAwfX0="
        },
        {
          "index_key": "sql-component.googleapis.com",
          "schema_version": 0,
          "attributes": {
            "disable_dependent_services": null,
            "disable_on_destroy": false,
            "id": "agentic-travel-ai-solutions/sql-component.googleapis.com",
            "project": "agentic-travel-ai-solutions",
            "service": "sql-component.googleapis.com",
            "timeouts": null
          },
          "sensitive_attributes": [],
          "identity_schema_version": 0,
          "private": "eyJlMmJmYjczMC1lY2FhLTExZTYtOGY4OC0zNDM2M2JjN2M0YzAiOnsiY3JlYXRlIjoxMjAwMDAwMDAwMDAwLCJkZWxldGUiOjEyMDAwMDAwMDAwMDAsInJlYWQiOjYwMDAwMDAwMDAwMCwidXBkYXRlIjoxMjAwMDAwMDAwMDAwfX0="
        },
        {
          "index_key": "storage-component.googleapis.com",
          "schema_version": 0,
          "attributes": {
            "disable_dependent_services": null,
            "disable_on_destroy": false,
            "id": "agentic-travel-ai-solutions/storage-component.googleapis.com",
            "project": "agentic-travel-ai-solutions",
            "service": "storage-component.googleapis.com",
            "timeouts": null
          },
          "sensitive_attributes": [],
          "identity_schema_version": 0,
          "private": "eyJlMmJmYjczMC1lY2FhLTExZTYtOGY4OC0zNDM2M2JjN2M0YzAiOnsiY3JlYXRlIjoxMjAwMDAwMDAwMDAwLCJkZWxldGUiOjEyMDAwMDAwMDAwMDAsInJlYWQiOjYwMDAwMDAwMDAwMCwidXBkYXRlIjoxMjAwMDAwMDAwMDAwfX0="
        }
      ]
    },
    {
      "mode": "managed",
      "type": "google_service_account",
      "name": "gke_workload_sa",
      "provider": "provider[\"registry.terraform.io/hashicorp/google\"]",
      "instances": [
        {
          "schema_version": 0,
          "attributes": {
            "account_id": "gke-workload-identity",
            "create_ignore_already_exists": null,
            "description": "Service account for ADK agents",
            "disabled": false,
            "display_name": "GKE Workload Identity Service Account",
            "email": "gke-workload-identity@agentic-travel-ai-solutions.iam.gserviceaccount.com",
            "id": "projects/agentic-travel-ai-solutions/serviceAccounts/gke-workload-identity@agentic-travel-ai-solutions.iam.gserviceaccount.com",
            "member": "serviceAccount:gke-workload-identity@agentic-travel-ai-solutions.iam.gserviceaccount.com",
            "name": "projects/agentic-travel-ai-solutions/serviceAccounts/gke-workload-identity@agentic-travel-ai-solutions.iam.gserviceaccount.com",
            "project": "agentic-travel-ai-solutions",
            "timeouts": null,
            "unique_id": "106204018114164709738"
          },
          "sensitive_attributes": [],
          "identity_schema_version": 0,
          "private": "eyJlMmJmYjczMC1lY2FhLTExZTYtOGY4OC0zNDM2M2JjN2M0YzAiOnsiY3JlYXRlIjozMDAwMDAwMDAwMDB9fQ=="
        }
      ]
    },
    {
      "mode": "managed",
      "type": "google_service_account_iam_binding",
      "name": "workload_identity_binding",
      "provider": "provider[\"registry.terraform.io/hashicorp/google\"]",
      "instances": [
        {
          "schema_version": 0,
          "attributes": {
            "condition": [],
            "etag": "BwY/D8ipBMw=",
            "id": "projects/agentic-travel-ai-solutions/serviceAccounts/gke-workload-identity@agentic-travel-ai-solutions.iam.gserviceaccount.com/roles/iam.workloadIdentityUser",
            "members": [
              "serviceAccount:agentic-travel-ai-solutions.svc.id.goog[agentic-ai/adk-agent-ksa]"
            ],
            "role": "roles/iam.workloadIdentityUser",
            "service_account_id": "projects/agentic-travel-ai-solutions/serviceAccounts/gke-workload-identity@agentic-travel-ai-solutions.iam.gserviceaccount.com"
          },
          "sensitive_attributes": [],
          "identity_schema_version": 0,
          "private": "bnVsbA==",
          "dependencies": [
            "google_compute_network.vpc_network",
            "google_compute_subnetwork.vpc_subnetwork",
            "google_container_cluster.primary",
            "google_service_account.gke_workload_sa",
            "time_sleep.wait_for_sa"
          ]
        }
      ]
    },
    {
      "mode": "managed",
      "type": "time_sleep",
      "name": "wait_for_sa",
      "provider": "provider[\"registry.terraform.io/hashicorp/time\"]",
      "instances": [
        {
          "schema_version": 0,
          "attributes": {
            "create_duration": "10s",
            "destroy_duration": null,
            "id": "2025-09-18T07:30:02Z",
            "triggers": null
          },
          "sensitive_attributes": [],
          "identity_schema_version": 0,
          "dependencies": [
            "google_service_account.gke_workload_sa"
          ]
        }
      ]
    }
  ],
  "check_results": null
}
