{
  "version": 4,
  "terraform_version": "1.13.2",
  "serial": 49,
  "lineage": "88bd7e40-a577-3579-7f44-a2d23c18b403",
  "outputs": {},
  "resources": [
    {
      "mode": "managed",
      "type": "google_project",
      "name": "tourwithease_hackathon",
      "provider": "provider[\"registry.terraform.io/hashicorp/google\"]",
      "instances": [
        {
          "schema_version": 1,
          "attributes": {
            "auto_create_network": true,
            "billing_account": null,
            "deletion_policy": "DELETE",
            "effective_labels": {
              "environment": "hackathon",
              "purpose": "gke-hackathon-2024",
              "team": "ai-agents"
            },
            "folder_id": "",
            "id": "projects/twe-gke-hackathon-2024",
            "labels": {
              "environment": "hackathon",
              "purpose": "gke-hackathon-2024",
              "team": "ai-agents"
            },
            "name": "TourWithEase GKE Hackathon",
            "number": "146434725162",
            "org_id": "984420923103",
            "project_id": "twe-gke-hackathon-2024",
            "skip_delete": null,
            "terraform_labels": {
              "environment": "hackathon",
              "purpose": "gke-hackathon-2024",
              "team": "ai-agents"
            },
            "timeouts": null
          },
          "sensitive_attributes": [],
          "identity_schema_version": 0,
          "private": "eyJlMmJmYjczMC1lY2FhLTExZTYtOGY4OC0zNDM2M2JjN2M0YzAiOnsiY3JlYXRlIjo2MDAwMDAwMDAwMDAsImRlbGV0ZSI6NjAwMDAwMDAwMDAwLCJyZWFkIjo2MDAwMDAwMDAwMDAsInVwZGF0ZSI6NjAwMDAwMDAwMDAwfSwic2NoZW1hX3ZlcnNpb24iOiIxIn0="
        }
      ]
    },
    {
      "mode": "managed",
      "type": "google_project_iam_member",
      "name": "gke_sa_permissions",
      "provider": "provider[\"registry.terraform.io/hashicorp/google\"]",
      "instances": [
        {
          "index_key": "roles/aiplatform.user",
          "schema_version": 0,
          "attributes": {
            "condition": [],
            "etag": "BwY+/QV+Oc4=",
            "id": "twe-gke-hackathon-2024/roles/aiplatform.user/serviceAccount:gke-workload-identity@twe-gke-hackathon-2024.iam.gserviceaccount.com",
            "member": "serviceAccount:gke-workload-identity@twe-gke-hackathon-2024.iam.gserviceaccount.com",
            "project": "twe-gke-hackathon-2024",
            "role": "roles/aiplatform.user"
          },
          "sensitive_attributes": [],
          "identity_schema_version": 0,
          "private": "bnVsbA==",
          "dependencies": [
            "google_project.tourwithease_hackathon",
            "google_service_account.gke_workload_sa"
          ]
        },
        {
          "index_key": "roles/cloudsql.client",
          "schema_version": 0,
          "attributes": {
            "condition": [],
            "etag": "BwY+/QV+Oc4=",
            "id": "twe-gke-hackathon-2024/roles/cloudsql.client/serviceAccount:gke-workload-identity@twe-gke-hackathon-2024.iam.gserviceaccount.com",
            "member": "serviceAccount:gke-workload-identity@twe-gke-hackathon-2024.iam.gserviceaccount.com",
            "project": "twe-gke-hackathon-2024",
            "role": "roles/cloudsql.client"
          },
          "sensitive_attributes": [],
          "identity_schema_version": 0,
          "private": "bnVsbA==",
          "dependencies": [
            "google_project.tourwithease_hackathon",
            "google_service_account.gke_workload_sa"
          ]
        },
        {
          "index_key": "roles/logging.logWriter",
          "schema_version": 0,
          "attributes": {
            "condition": [],
            "etag": "BwY+/QV+Oc4=",
            "id": "twe-gke-hackathon-2024/roles/logging.logWriter/serviceAccount:gke-workload-identity@twe-gke-hackathon-2024.iam.gserviceaccount.com",
            "member": "serviceAccount:gke-workload-identity@twe-gke-hackathon-2024.iam.gserviceaccount.com",
            "project": "twe-gke-hackathon-2024",
            "role": "roles/logging.logWriter"
          },
          "sensitive_attributes": [],
          "identity_schema_version": 0,
          "private": "bnVsbA==",
          "dependencies": [
            "google_project.tourwithease_hackathon",
            "google_service_account.gke_workload_sa"
          ]
        },
        {
          "index_key": "roles/monitoring.metricWriter",
          "schema_version": 0,
          "attributes": {
            "condition": [],
            "etag": "BwY+/QV+Oc4=",
            "id": "twe-gke-hackathon-2024/roles/monitoring.metricWriter/serviceAccount:gke-workload-identity@twe-gke-hackathon-2024.iam.gserviceaccount.com",
            "member": "serviceAccount:gke-workload-identity@twe-gke-hackathon-2024.iam.gserviceaccount.com",
            "project": "twe-gke-hackathon-2024",
            "role": "roles/monitoring.metricWriter"
          },
          "sensitive_attributes": [],
          "identity_schema_version": 0,
          "private": "bnVsbA==",
          "dependencies": [
            "google_project.tourwithease_hackathon",
            "google_service_account.gke_workload_sa"
          ]
        },
        {
          "index_key": "roles/secretmanager.secretAccessor",
          "schema_version": 0,
          "attributes": {
            "condition": [],
            "etag": "BwY+/QV+Oc4=",
            "id": "twe-gke-hackathon-2024/roles/secretmanager.secretAccessor/serviceAccount:gke-workload-identity@twe-gke-hackathon-2024.iam.gserviceaccount.com",
            "member": "serviceAccount:gke-workload-identity@twe-gke-hackathon-2024.iam.gserviceaccount.com",
            "project": "twe-gke-hackathon-2024",
            "role": "roles/secretmanager.secretAccessor"
          },
          "sensitive_attributes": [],
          "identity_schema_version": 0,
          "private": "bnVsbA==",
          "dependencies": [
            "google_project.tourwithease_hackathon",
            "google_service_account.gke_workload_sa"
          ]
        },
        {
          "index_key": "roles/storage.objectViewer",
          "schema_version": 0,
          "attributes": {
            "condition": [],
            "etag": "BwY+/QV+Oc4=",
            "id": "twe-gke-hackathon-2024/roles/storage.objectViewer/serviceAccount:gke-workload-identity@twe-gke-hackathon-2024.iam.gserviceaccount.com",
            "member": "serviceAccount:gke-workload-identity@twe-gke-hackathon-2024.iam.gserviceaccount.com",
            "project": "twe-gke-hackathon-2024",
            "role": "roles/storage.objectViewer"
          },
          "sensitive_attributes": [],
          "identity_schema_version": 0,
          "private": "bnVsbA==",
          "dependencies": [
            "google_project.tourwithease_hackathon",
            "google_service_account.gke_workload_sa"
          ]
        }
      ]
    },
    {
      "mode": "managed",
      "type": "google_project_service",
      "name": "required_apis",
      "provider": "provider[\"registry.terraform.io/hashicorp/google\"]",
      "instances": [
        {
          "index_key": "aiplatform.googleapis.com",
          "schema_version": 0,
          "attributes": {
            "disable_dependent_services": null,
            "disable_on_destroy": false,
            "id": "twe-gke-hackathon-2024/aiplatform.googleapis.com",
            "project": "twe-gke-hackathon-2024",
            "service": "aiplatform.googleapis.com",
            "timeouts": null
          },
          "sensitive_attributes": [],
          "identity_schema_version": 0,
          "private": "eyJlMmJmYjczMC1lY2FhLTExZTYtOGY4OC0zNDM2M2JjN2M0YzAiOnsiY3JlYXRlIjoxMjAwMDAwMDAwMDAwLCJkZWxldGUiOjEyMDAwMDAwMDAwMDAsInJlYWQiOjYwMDAwMDAwMDAwMCwidXBkYXRlIjoxMjAwMDAwMDAwMDAwfX0=",
          "dependencies": [
            "google_project.tourwithease_hackathon"
          ]
        },
        {
          "index_key": "cloudresourcemanager.googleapis.com",
          "schema_version": 0,
          "attributes": {
            "disable_dependent_services": null,
            "disable_on_destroy": false,
            "id": "twe-gke-hackathon-2024/cloudresourcemanager.googleapis.com",
            "project": "twe-gke-hackathon-2024",
            "service": "cloudresourcemanager.googleapis.com",
            "timeouts": null
          },
          "sensitive_attributes": [],
          "identity_schema_version": 0,
          "private": "eyJlMmJmYjczMC1lY2FhLTExZTYtOGY4OC0zNDM2M2JjN2M0YzAiOnsiY3JlYXRlIjoxMjAwMDAwMDAwMDAwLCJkZWxldGUiOjEyMDAwMDAwMDAwMDAsInJlYWQiOjYwMDAwMDAwMDAwMCwidXBkYXRlIjoxMjAwMDAwMDAwMDAwfX0=",
          "dependencies": [
            "google_project.tourwithease_hackathon"
          ]
        },
        {
          "index_key": "logging.googleapis.com",
          "schema_version": 0,
          "attributes": {
            "disable_dependent_services": null,
            "disable_on_destroy": false,
            "id": "twe-gke-hackathon-2024/logging.googleapis.com",
            "project": "twe-gke-hackathon-2024",
            "service": "logging.googleapis.com",
            "timeouts": null
          },
          "sensitive_attributes": [],
          "identity_schema_version": 0,
          "private": "eyJlMmJmYjczMC1lY2FhLTExZTYtOGY4OC0zNDM2M2JjN2M0YzAiOnsiY3JlYXRlIjoxMjAwMDAwMDAwMDAwLCJkZWxldGUiOjEyMDAwMDAwMDAwMDAsInJlYWQiOjYwMDAwMDAwMDAwMCwidXBkYXRlIjoxMjAwMDAwMDAwMDAwfX0=",
          "dependencies": [
            "google_project.tourwithease_hackathon"
          ]
        },
        {
          "index_key": "monitoring.googleapis.com",
          "schema_version": 0,
          "attributes": {
            "disable_dependent_services": null,
            "disable_on_destroy": false,
            "id": "twe-gke-hackathon-2024/monitoring.googleapis.com",
            "project": "twe-gke-hackathon-2024",
            "service": "monitoring.googleapis.com",
            "timeouts": null
          },
          "sensitive_attributes": [],
          "identity_schema_version": 0,
          "private": "eyJlMmJmYjczMC1lY2FhLTExZTYtOGY4OC0zNDM2M2JjN2M0YzAiOnsiY3JlYXRlIjoxMjAwMDAwMDAwMDAwLCJkZWxldGUiOjEyMDAwMDAwMDAwMDAsInJlYWQiOjYwMDAwMDAwMDAwMCwidXBkYXRlIjoxMjAwMDAwMDAwMDAwfX0=",
          "dependencies": [
            "google_project.tourwithease_hackathon"
          ]
        },
        {
          "index_key": "sql-component.googleapis.com",
          "schema_version": 0,
          "attributes": {
            "disable_dependent_services": null,
            "disable_on_destroy": false,
            "id": "twe-gke-hackathon-2024/sql-component.googleapis.com",
            "project": "twe-gke-hackathon-2024",
            "service": "sql-component.googleapis.com",
            "timeouts": null
          },
          "sensitive_attributes": [],
          "identity_schema_version": 0,
          "private": "eyJlMmJmYjczMC1lY2FhLTExZTYtOGY4OC0zNDM2M2JjN2M0YzAiOnsiY3JlYXRlIjoxMjAwMDAwMDAwMDAwLCJkZWxldGUiOjEyMDAwMDAwMDAwMDAsInJlYWQiOjYwMDAwMDAwMDAwMCwidXBkYXRlIjoxMjAwMDAwMDAwMDAwfX0=",
          "dependencies": [
            "google_project.tourwithease_hackathon"
          ]
        },
        {
          "index_key": "storage-component.googleapis.com",
          "schema_version": 0,
          "attributes": {
            "disable_dependent_services": null,
            "disable_on_destroy": false,
            "id": "twe-gke-hackathon-2024/storage-component.googleapis.com",
            "project": "twe-gke-hackathon-2024",
            "service": "storage-component.googleapis.com",
            "timeouts": null
          },
          "sensitive_attributes": [],
          "identity_schema_version": 0,
          "private": "eyJlMmJmYjczMC1lY2FhLTExZTYtOGY4OC0zNDM2M2JjN2M0YzAiOnsiY3JlYXRlIjoxMjAwMDAwMDAwMDAwLCJkZWxldGUiOjEyMDAwMDAwMDAwMDAsInJlYWQiOjYwMDAwMDAwMDAwMCwidXBkYXRlIjoxMjAwMDAwMDAwMDAwfX0=",
          "dependencies": [
            "google_project.tourwithease_hackathon"
          ]
        }
      ]
    },
    {
      "mode": "managed",
      "type": "google_service_account",
      "name": "gke_workload_sa",
      "provider": "provider[\"registry.terraform.io/hashicorp/google\"]",
      "instances": [
        {
          "schema_version": 0,
          "attributes": {
            "account_id": "gke-workload-identity",
            "create_ignore_already_exists": null,
            "description": "Service account for ADK agents running on GKE",
            "disabled": false,
            "display_name": "GKE Workload Identity Service Account",
            "email": "gke-workload-identity@twe-gke-hackathon-2024.iam.gserviceaccount.com",
            "id": "projects/twe-gke-hackathon-2024/serviceAccounts/gke-workload-identity@twe-gke-hackathon-2024.iam.gserviceaccount.com",
            "member": "serviceAccount:gke-workload-identity@twe-gke-hackathon-2024.iam.gserviceaccount.com",
            "name": "projects/twe-gke-hackathon-2024/serviceAccounts/gke-workload-identity@twe-gke-hackathon-2024.iam.gserviceaccount.com",
            "project": "twe-gke-hackathon-2024",
            "timeouts": null,
            "unique_id": "104876834115227848923"
          },
          "sensitive_attributes": [],
          "identity_schema_version": 0,
          "private": "eyJlMmJmYjczMC1lY2FhLTExZTYtOGY4OC0zNDM2M2JjN2M0YzAiOnsiY3JlYXRlIjozMDAwMDAwMDAwMDB9fQ==",
          "dependencies": [
            "google_project.tourwithease_hackathon"
          ]
        }
      ]
    }
  ],
  "check_results": null
}
